// !$*UTF8*$!
{
	archiveVersion = 1;
	classes = {
	};
	objectVersion = 51;
	objects = {

/* Begin PBXBuildFile section */
		542CC1077E07298D4714C1D5 /* Pods_AuthIntegration.framework in Frameworks */ = {isa = PBXBuildFile; fileRef = 79A0426A21D5B7C6CFCE7F16 /* Pods_AuthIntegration.framework */; };
		C6652ADF2608D66A0017D03E /* AppDelegate.swift in Sources */ = {isa = PBXBuildFile; fileRef = C6652ADE2608D66A0017D03E /* AppDelegate.swift */; };
		C6652AE12608D66A0017D03E /* SceneDelegate.swift in Sources */ = {isa = PBXBuildFile; fileRef = C6652AE02608D66A0017D03E /* SceneDelegate.swift */; };
		C6652AE32608D66A0017D03E /* ViewController.swift in Sources */ = {isa = PBXBuildFile; fileRef = C6652AE22608D66A0017D03E /* ViewController.swift */; };
		C6652AE62608D66A0017D03E /* Main.storyboard in Resources */ = {isa = PBXBuildFile; fileRef = C6652AE42608D66A0017D03E /* Main.storyboard */; };
		C6652AE82608D66B0017D03E /* Assets.xcassets in Resources */ = {isa = PBXBuildFile; fileRef = C6652AE72608D66B0017D03E /* Assets.xcassets */; };
		C6652AEB2608D66B0017D03E /* LaunchScreen.storyboard in Resources */ = {isa = PBXBuildFile; fileRef = C6652AE92608D66B0017D03E /* LaunchScreen.storyboard */; };
/* End PBXBuildFile section */

/* Begin PBXFileReference section */
		21E4F8B7291BD75228F4C28D /* Pods-AuthIntegration.debug.xcconfig */ = {isa = PBXFileReference; includeInIndex = 1; lastKnownFileType = text.xcconfig; name = "Pods-AuthIntegration.debug.xcconfig"; path = "Target Support Files/Pods-AuthIntegration/Pods-AuthIntegration.debug.xcconfig"; sourceTree = "<group>"; };
		5CFF87B7546B13CA5A39942D /* Pods-AuthIntegration.release.xcconfig */ = {isa = PBXFileReference; includeInIndex = 1; lastKnownFileType = text.xcconfig; name = "Pods-AuthIntegration.release.xcconfig"; path = "Target Support Files/Pods-AuthIntegration/Pods-AuthIntegration.release.xcconfig"; sourceTree = "<group>"; };
		79A0426A21D5B7C6CFCE7F16 /* Pods_AuthIntegration.framework */ = {isa = PBXFileReference; explicitFileType = wrapper.framework; includeInIndex = 0; path = Pods_AuthIntegration.framework; sourceTree = BUILT_PRODUCTS_DIR; };
		C6652ADB2608D66A0017D03E /* AuthIntegration.app */ = {isa = PBXFileReference; explicitFileType = wrapper.application; includeInIndex = 0; path = AuthIntegration.app; sourceTree = BUILT_PRODUCTS_DIR; };
		C6652ADE2608D66A0017D03E /* AppDelegate.swift */ = {isa = PBXFileReference; lastKnownFileType = sourcecode.swift; path = AppDelegate.swift; sourceTree = "<group>"; };
		C6652AE02608D66A0017D03E /* SceneDelegate.swift */ = {isa = PBXFileReference; lastKnownFileType = sourcecode.swift; path = SceneDelegate.swift; sourceTree = "<group>"; };
		C6652AE22608D66A0017D03E /* ViewController.swift */ = {isa = PBXFileReference; lastKnownFileType = sourcecode.swift; path = ViewController.swift; sourceTree = "<group>"; };
		C6652AE52608D66A0017D03E /* Base */ = {isa = PBXFileReference; lastKnownFileType = file.storyboard; name = Base; path = Base.lproj/Main.storyboard; sourceTree = "<group>"; };
		C6652AE72608D66B0017D03E /* Assets.xcassets */ = {isa = PBXFileReference; lastKnownFileType = folder.assetcatalog; path = Assets.xcassets; sourceTree = "<group>"; };
		C6652AEA2608D66B0017D03E /* Base */ = {isa = PBXFileReference; lastKnownFileType = file.storyboard; name = Base; path = Base.lproj/LaunchScreen.storyboard; sourceTree = "<group>"; };
		C6652AEC2608D66B0017D03E /* Info.plist */ = {isa = PBXFileReference; lastKnownFileType = text.plist.xml; path = Info.plist; sourceTree = "<group>"; };
/* End PBXFileReference section */

/* Begin PBXFrameworksBuildPhase section */
		C6652AD82608D66A0017D03E /* Frameworks */ = {
			isa = PBXFrameworksBuildPhase;
			buildActionMask = 2147483647;
			files = (
				542CC1077E07298D4714C1D5 /* Pods_AuthIntegration.framework in Frameworks */,
			);
			runOnlyForDeploymentPostprocessing = 0;
		};
/* End PBXFrameworksBuildPhase section */

/* Begin PBXGroup section */
		3FD3FA1E7B4FC57027070182 /* Pods */ = {
			isa = PBXGroup;
			children = (
				21E4F8B7291BD75228F4C28D /* Pods-AuthIntegration.debug.xcconfig */,
				5CFF87B7546B13CA5A39942D /* Pods-AuthIntegration.release.xcconfig */,
			);
			path = Pods;
			sourceTree = "<group>";
		};
		4FDD706AD9333576515DD1DF /* Frameworks */ = {
			isa = PBXGroup;
			children = (
				79A0426A21D5B7C6CFCE7F16 /* Pods_AuthIntegration.framework */,
			);
			name = Frameworks;
			sourceTree = "<group>";
		};
		C6652AD22608D66A0017D03E = {
			isa = PBXGroup;
			children = (
				C6652ADD2608D66A0017D03E /* AuthIntegration */,
				C6652ADC2608D66A0017D03E /* Products */,
				3FD3FA1E7B4FC57027070182 /* Pods */,
				4FDD706AD9333576515DD1DF /* Frameworks */,
			);
			sourceTree = "<group>";
		};
		C6652ADC2608D66A0017D03E /* Products */ = {
			isa = PBXGroup;
			children = (
				C6652ADB2608D66A0017D03E /* AuthIntegration.app */,
			);
			name = Products;
			sourceTree = "<group>";
		};
		C6652ADD2608D66A0017D03E /* AuthIntegration */ = {
			isa = PBXGroup;
			children = (
				C6652ADE2608D66A0017D03E /* AppDelegate.swift */,
				C6652AE02608D66A0017D03E /* SceneDelegate.swift */,
				C6652AE22608D66A0017D03E /* ViewController.swift */,
				C6652AE42608D66A0017D03E /* Main.storyboard */,
				C6652AE72608D66B0017D03E /* Assets.xcassets */,
				C6652AE92608D66B0017D03E /* LaunchScreen.storyboard */,
				C6652AEC2608D66B0017D03E /* Info.plist */,
			);
			path = AuthIntegration;
			sourceTree = "<group>";
		};
/* End PBXGroup section */

/* Begin PBXNativeTarget section */
		C6652ADA2608D66A0017D03E /* AuthIntegration */ = {
			isa = PBXNativeTarget;
			buildConfigurationList = C6652AEF2608D66B0017D03E /* Build configuration list for PBXNativeTarget "AuthIntegration" */;
			buildPhases = (
				03231FC13010F7A4324B2444 /* [CP] Check Pods Manifest.lock */,
				C6652AD72608D66A0017D03E /* Sources */,
				C6652AD82608D66A0017D03E /* Frameworks */,
				C6652AD92608D66A0017D03E /* Resources */,
				FCAD315FF036E19ADEE3F1CE /* [CP] Embed Pods Frameworks */,
				D9BE8CA538E6E6733B439A19 /* [CP] Copy Pods Resources */,
			);
			buildRules = (
			);
			dependencies = (
			);
			name = AuthIntegration;
			productName = AuthIntegration;
			productReference = C6652ADB2608D66A0017D03E /* AuthIntegration.app */;
			productType = "com.apple.product-type.application";
		};
/* End PBXNativeTarget section */

/* Begin PBXProject section */
		C6652AD32608D66A0017D03E /* Project object */ = {
			isa = PBXProject;
			attributes = {
				LastSwiftUpdateCheck = 1240;
				LastUpgradeCheck = 1240;
				TargetAttributes = {
					C6652ADA2608D66A0017D03E = {
						CreatedOnToolsVersion = 12.4;
					};
				};
			};
			buildConfigurationList = C6652AD62608D66A0017D03E /* Build configuration list for PBXProject "AuthIntegration" */;
			compatibilityVersion = "Xcode 9.3";
			developmentRegion = en;
			hasScannedForEncodings = 0;
			knownRegions = (
				en,
				Base,
			);
			mainGroup = C6652AD22608D66A0017D03E;
			productRefGroup = C6652ADC2608D66A0017D03E /* Products */;
			projectDirPath = "";
			projectRoot = "";
			targets = (
				C6652ADA2608D66A0017D03E /* AuthIntegration */,
			);
		};
/* End PBXProject section */

/* Begin PBXResourcesBuildPhase section */
		C6652AD92608D66A0017D03E /* Resources */ = {
			isa = PBXResourcesBuildPhase;
			buildActionMask = 2147483647;
			files = (
				C6652AEB2608D66B0017D03E /* LaunchScreen.storyboard in Resources */,
				C6652AE82608D66B0017D03E /* Assets.xcassets in Resources */,
				C6652AE62608D66A0017D03E /* Main.storyboard in Resources */,
			);
			runOnlyForDeploymentPostprocessing = 0;
		};
/* End PBXResourcesBuildPhase section */

/* Begin PBXShellScriptBuildPhase section */
		03231FC13010F7A4324B2444 /* [CP] Check Pods Manifest.lock */ = {
			isa = PBXShellScriptBuildPhase;
			buildActionMask = 2147483647;
			files = (
			);
			inputFileListPaths = (
			);
			inputPaths = (
				"${PODS_PODFILE_DIR_PATH}/Podfile.lock",
				"${PODS_ROOT}/Manifest.lock",
			);
			name = "[CP] Check Pods Manifest.lock";
			outputFileListPaths = (
			);
			outputPaths = (
				"$(DERIVED_FILE_DIR)/Pods-AuthIntegration-checkManifestLockResult.txt",
			);
			runOnlyForDeploymentPostprocessing = 0;
			shellPath = /bin/sh;
			shellScript = "diff \"${PODS_PODFILE_DIR_PATH}/Podfile.lock\" \"${PODS_ROOT}/Manifest.lock\" > /dev/null\nif [ $? != 0 ] ; then\n    # print error to STDERR\n    echo \"error: The sandbox is not in sync with the Podfile.lock. Run 'pod install' or update your CocoaPods installation.\" >&2\n    exit 1\nfi\n# This output is used by Xcode 'outputs' to avoid re-running this script phase.\necho \"SUCCESS\" > \"${SCRIPT_OUTPUT_FILE_0}\"\n";
			showEnvVarsInLog = 0;
		};
		D9BE8CA538E6E6733B439A19 /* [CP] Copy Pods Resources */ = {
			isa = PBXShellScriptBuildPhase;
			buildActionMask = 2147483647;
			files = (
			);
			inputFileListPaths = (
				"${PODS_ROOT}/Target Support Files/Pods-AuthIntegration/Pods-AuthIntegration-resources-${CONFIGURATION}-input-files.xcfilelist",
			);
			name = "[CP] Copy Pods Resources";
			outputFileListPaths = (
				"${PODS_ROOT}/Target Support Files/Pods-AuthIntegration/Pods-AuthIntegration-resources-${CONFIGURATION}-output-files.xcfilelist",
			);
			runOnlyForDeploymentPostprocessing = 0;
			shellPath = /bin/sh;
			shellScript = "\"${PODS_ROOT}/Target Support Files/Pods-AuthIntegration/Pods-AuthIntegration-resources.sh\"\n";
			showEnvVarsInLog = 0;
		};
		FCAD315FF036E19ADEE3F1CE /* [CP] Embed Pods Frameworks */ = {
			isa = PBXShellScriptBuildPhase;
			buildActionMask = 2147483647;
			files = (
			);
			inputFileListPaths = (
				"${PODS_ROOT}/Target Support Files/Pods-AuthIntegration/Pods-AuthIntegration-frameworks-${CONFIGURATION}-input-files.xcfilelist",
			);
			name = "[CP] Embed Pods Frameworks";
			outputFileListPaths = (
				"${PODS_ROOT}/Target Support Files/Pods-AuthIntegration/Pods-AuthIntegration-frameworks-${CONFIGURATION}-output-files.xcfilelist",
			);
			runOnlyForDeploymentPostprocessing = 0;
			shellPath = /bin/sh;
			shellScript = "\"${PODS_ROOT}/Target Support Files/Pods-AuthIntegration/Pods-AuthIntegration-frameworks.sh\"\n";
			showEnvVarsInLog = 0;
		};
/* End PBXShellScriptBuildPhase section */

/* Begin PBXSourcesBuildPhase section */
		C6652AD72608D66A0017D03E /* Sources */ = {
			isa = PBXSourcesBuildPhase;
			buildActionMask = 2147483647;
			files = (
				C6652AE32608D66A0017D03E /* ViewController.swift in Sources */,
				C6652ADF2608D66A0017D03E /* AppDelegate.swift in Sources */,
				C6652AE12608D66A0017D03E /* SceneDelegate.swift in Sources */,
			);
			runOnlyForDeploymentPostprocessing = 0;
		};
/* End PBXSourcesBuildPhase section */

/* Begin PBXVariantGroup section */
		C6652AE42608D66A0017D03E /* Main.storyboard */ = {
			isa = PBXVariantGroup;
			children = (
				C6652AE52608D66A0017D03E /* Base */,
			);
			name = Main.storyboard;
			sourceTree = "<group>";
		};
		C6652AE92608D66B0017D03E /* LaunchScreen.storyboard */ = {
			isa = PBXVariantGroup;
			children = (
				C6652AEA2608D66B0017D03E /* Base */,
			);
			name = LaunchScreen.storyboard;
			sourceTree = "<group>";
		};
/* End PBXVariantGroup section */

/* Begin XCBuildConfiguration section */
		C6652AED2608D66B0017D03E /* Debug */ = {
			isa = XCBuildConfiguration;
			buildSettings = {
				ALWAYS_SEARCH_USER_PATHS = NO;
				CLANG_ANALYZER_NONNULL = YES;
				CLANG_ANALYZER_NUMBER_OBJECT_CONVERSION = YES_AGGRESSIVE;
				CLANG_CXX_LANGUAGE_STANDARD = "gnu++14";
				CLANG_CXX_LIBRARY = "libc++";
				CLANG_ENABLE_MODULES = YES;
				CLANG_ENABLE_OBJC_ARC = YES;
				CLANG_ENABLE_OBJC_WEAK = YES;
				CLANG_WARN_BLOCK_CAPTURE_AUTORELEASING = YES;
				CLANG_WARN_BOOL_CONVERSION = YES;
				CLANG_WARN_COMMA = YES;
				CLANG_WARN_CONSTANT_CONVERSION = YES;
				CLANG_WARN_DEPRECATED_OBJC_IMPLEMENTATIONS = YES;
				CLANG_WARN_DIRECT_OBJC_ISA_USAGE = YES_ERROR;
				CLANG_WARN_DOCUMENTATION_COMMENTS = YES;
				CLANG_WARN_EMPTY_BODY = YES;
				CLANG_WARN_ENUM_CONVERSION = YES;
				CLANG_WARN_INFINITE_RECURSION = YES;
				CLANG_WARN_INT_CONVERSION = YES;
				CLANG_WARN_NON_LITERAL_NULL_CONVERSION = YES;
				CLANG_WARN_OBJC_IMPLICIT_RETAIN_SELF = YES;
				CLANG_WARN_OBJC_LITERAL_CONVERSION = YES;
				CLANG_WARN_OBJC_ROOT_CLASS = YES_ERROR;
				CLANG_WARN_QUOTED_INCLUDE_IN_FRAMEWORK_HEADER = YES;
				CLANG_WARN_RANGE_LOOP_ANALYSIS = YES;
				CLANG_WARN_STRICT_PROTOTYPES = YES;
				CLANG_WARN_SUSPICIOUS_MOVE = YES;
				CLANG_WARN_UNGUARDED_AVAILABILITY = YES_AGGRESSIVE;
				CLANG_WARN_UNREACHABLE_CODE = YES;
				CLANG_WARN__DUPLICATE_METHOD_MATCH = YES;
				COPY_PHASE_STRIP = NO;
				DEBUG_INFORMATION_FORMAT = dwarf;
				ENABLE_STRICT_OBJC_MSGSEND = YES;
				ENABLE_TESTABILITY = YES;
				GCC_C_LANGUAGE_STANDARD = gnu11;
				GCC_DYNAMIC_NO_PIC = NO;
				GCC_NO_COMMON_BLOCKS = YES;
				GCC_OPTIMIZATION_LEVEL = 0;
				GCC_PREPROCESSOR_DEFINITIONS = (
					"DEBUG=1",
					"$(inherited)",
				);
				GCC_WARN_64_TO_32_BIT_CONVERSION = YES;
				GCC_WARN_ABOUT_RETURN_TYPE = YES_ERROR;
				GCC_WARN_UNDECLARED_SELECTOR = YES;
				GCC_WARN_UNINITIALIZED_AUTOS = YES_AGGRESSIVE;
				GCC_WARN_UNUSED_FUNCTION = YES;
				GCC_WARN_UNUSED_VARIABLE = YES;
				IPHONEOS_DEPLOYMENT_TARGET = 14.4;
				MTL_ENABLE_DEBUG_INFO = INCLUDE_SOURCE;
				MTL_FAST_MATH = YES;
				ONLY_ACTIVE_ARCH = YES;
				SDKROOT = iphoneos;
				SWIFT_ACTIVE_COMPILATION_CONDITIONS = DEBUG;
				SWIFT_OPTIMIZATION_LEVEL = "-Onone";
			};
			name = Debug;
		};
		C6652AEE2608D66B0017D03E /* Release */ = {
			isa = XCBuildConfiguration;
			buildSettings = {
				ALWAYS_SEARCH_USER_PATHS = NO;
				CLANG_ANALYZER_NONNULL = YES;
				CLANG_ANALYZER_NUMBER_OBJECT_CONVERSION = YES_AGGRESSIVE;
				CLANG_CXX_LANGUAGE_STANDARD = "gnu++14";
				CLANG_CXX_LIBRARY = "libc++";
				CLANG_ENABLE_MODULES = YES;
				CLANG_ENABLE_OBJC_ARC = YES;
				CLANG_ENABLE_OBJC_WEAK = YES;
				CLANG_WARN_BLOCK_CAPTURE_AUTORELEASING = YES;
				CLANG_WARN_BOOL_CONVERSION = YES;
				CLANG_WARN_COMMA = YES;
				CLANG_WARN_CONSTANT_CONVERSION = YES;
				CLANG_WARN_DEPRECATED_OBJC_IMPLEMENTATIONS = YES;
				CLANG_WARN_DIRECT_OBJC_ISA_USAGE = YES_ERROR;
				CLANG_WARN_DOCUMENTATION_COMMENTS = YES;
				CLANG_WARN_EMPTY_BODY = YES;
				CLANG_WARN_ENUM_CONVERSION = YES;
				CLANG_WARN_INFINITE_RECURSION = YES;
				CLANG_WARN_INT_CONVERSION = YES;
				CLANG_WARN_NON_LITERAL_NULL_CONVERSION = YES;
				CLANG_WARN_OBJC_IMPLICIT_RETAIN_SELF = YES;
				CLANG_WARN_OBJC_LITERAL_CONVERSION = YES;
				CLANG_WARN_OBJC_ROOT_CLASS = YES_ERROR;
				CLANG_WARN_QUOTED_INCLUDE_IN_FRAMEWORK_HEADER = YES;
				CLANG_WARN_RANGE_LOOP_ANALYSIS = YES;
				CLANG_WARN_STRICT_PROTOTYPES = YES;
				CLANG_WARN_SUSPICIOUS_MOVE = YES;
				CLANG_WARN_UNGUARDED_AVAILABILITY = YES_AGGRESSIVE;
				CLANG_WARN_UNREACHABLE_CODE = YES;
				CLANG_WARN__DUPLICATE_METHOD_MATCH = YES;
				COPY_PHASE_STRIP = NO;
				DEBUG_INFORMATION_FORMAT = "dwarf-with-dsym";
				ENABLE_NS_ASSERTIONS = NO;
				ENABLE_STRICT_OBJC_MSGSEND = YES;
				GCC_C_LANGUAGE_STANDARD = gnu11;
				GCC_NO_COMMON_BLOCKS = YES;
				GCC_WARN_64_TO_32_BIT_CONVERSION = YES;
				GCC_WARN_ABOUT_RETURN_TYPE = YES_ERROR;
				GCC_WARN_UNDECLARED_SELECTOR = YES;
				GCC_WARN_UNINITIALIZED_AUTOS = YES_AGGRESSIVE;
				GCC_WARN_UNUSED_FUNCTION = YES;
				GCC_WARN_UNUSED_VARIABLE = YES;
				IPHONEOS_DEPLOYMENT_TARGET = 14.4;
				MTL_ENABLE_DEBUG_INFO = NO;
				MTL_FAST_MATH = YES;
				SDKROOT = iphoneos;
				SWIFT_COMPILATION_MODE = wholemodule;
				SWIFT_OPTIMIZATION_LEVEL = "-O";
				VALIDATE_PRODUCT = YES;
			};
			name = Release;
		};
		C6652AF02608D66B0017D03E /* Debug */ = {
			isa = XCBuildConfiguration;
			baseConfigurationReference = 21E4F8B7291BD75228F4C28D /* Pods-AuthIntegration.debug.xcconfig */;
			buildSettings = {
				ASSETCATALOG_COMPILER_APPICON_NAME = AppIcon;
				ASSETCATALOG_COMPILER_GLOBAL_ACCENT_COLOR_NAME = AccentColor;
				CODE_SIGN_STYLE = Automatic;
				DEVELOPMENT_TEAM = A8GJ8BBR2P;
				INFOPLIST_FILE = AuthIntegration/Info.plist;
				LD_RUNPATH_SEARCH_PATHS = (
					"$(inherited)",
					"@executable_path/Frameworks",
				);
				PRODUCT_BUNDLE_IDENTIFIER = com.Durga.AuthIntegration;
				PRODUCT_NAME = "$(TARGET_NAME)";
				SWIFT_VERSION = 5.0;
				TARGETED_DEVICE_FAMILY = "1,2";
			};
			name = Debug;
		};
		C6652AF12608D66B0017D03E /* Release */ = {
			isa = XCBuildConfiguration;
			baseConfigurationReference = 5CFF87B7546B13CA5A39942D /* Pods-AuthIntegration.release.xcconfig */;
			buildSettings = {
				ASSETCATALOG_COMPILER_APPICON_NAME = AppIcon;
				ASSETCATALOG_COMPILER_GLOBAL_ACCENT_COLOR_NAME = AccentColor;
				CODE_SIGN_STYLE = Automatic;
				DEVELOPMENT_TEAM = A8GJ8BBR2P;
				INFOPLIST_FILE = AuthIntegration/Info.plist;
				LD_RUNPATH_SEARCH_PATHS = (
					"$(inherited)",
					"@executable_path/Frameworks",
				);
				PRODUCT_BUNDLE_IDENTIFIER = com.Durga.AuthIntegration;
				PRODUCT_NAME = "$(TARGET_NAME)";
				SWIFT_VERSION = 5.0;
				TARGETED_DEVICE_FAMILY = "1,2";
			};
			name = Release;
		};
/* End XCBuildConfiguration section */

/* Begin XCConfigurationList section */
		C6652AD62608D66A0017D03E /* Build configuration list for PBXProject "AuthIntegration" */ = {
			isa = XCConfigurationList;
			buildConfigurations = (
				C6652AED2608D66B0017D03E /* Debug */,
				C6652AEE2608D66B0017D03E /* Release */,
			);
			defaultConfigurationIsVisible = 0;
			defaultConfigurationName = Release;
		};
		C6652AEF2608D66B0017D03E /* Build configuration list for PBXNativeTarget "AuthIntegration" */ = {
			isa = XCConfigurationList;
			buildConfigurations = (
				C6652AF02608D66B0017D03E /* Debug */,
				C6652AF12608D66B0017D03E /* Release */,
			);
			defaultConfigurationIsVisible = 0;
			defaultConfigurationName = Release;
		};
/* End XCConfigurationList section */
	};
	rootObject = C6652AD32608D66A0017D03E /* Project object */;
}
